{
  "name": "create-html",
  "version": "3.1.0",
  "lockfileVersion": 1,
  "requires": true,
  "dependencies": {
    "exit": {
      "version": "0.1.2",
      "resolved": "https://registry.npmjs.org/exit/-/exit-0.1.2.tgz",
      "integrity": "sha1-BjJjj42HfMghB9MKD/8aF8uhzQw="
    },
    "from2-string": {
      "version": "1.1.0",
      "resolved": "https://registry.npmjs.org/from2-string/-/from2-string-1.1.0.tgz",
      "integrity": "sha1-GCgrJ9CKJnyzAwzSuLSw8hKvdSo=",
      "dev": true
    },
    "hyperstream": {
      "version": "1.2.2",
      "resolved": "https://registry.npmjs.org/hyperstream/-/hyperstream-1.2.2.tgz",
      "integrity": "sha1-Otx5xuuUep/7dDDP0Gxsdp3wuz0=",
      "dev": true
    },
    "markdown-stream": {
      "version": "1.0.1",
      "resolved": "https://registry.npmjs.org/markdown-stream/-/markdown-stream-1.0.1.tgz",
      "integrity": "sha1-q+c4dQ2imvYhl5pK2B8Dd3ISy14=",
      "dev": true,
      "dependencies": {
        "isarray": {
          "version": "0.0.1",
          "resolved": "https://registry.npmjs.org/isarray/-/isarray-0.0.1.tgz",
          "integrity": "sha1-ihis/Kmo9Bd+Cav8YDiTmwXR7t8="
        },
        "readable-stream": {
          "version": "1.0.34",
          "resolved": "https://registry.npmjs.org/readable-stream/-/readable-stream-1.0.34.tgz",
          "integrity": "sha1-Elgg40vIQtLyqq+v5MKRbuMsFXw="
        },
        "string_decoder": {
          "version": "0.10.31",
          "resolved": "https://registry.npmjs.org/string_decoder/-/string_decoder-0.10.31.tgz",
          "integrity": "sha1-YuIDvEF2bGwoyfyEMB2rHFMQ+pQ="
        },
        "through2": {
          "version": "0.6.5",
          "resolved": "https://registry.npmjs.org/through2/-/through2-0.6.5.tgz",
          "integrity": "sha1-QaucZ7KdVyCQcUEOHXp6lozTrUg="
        },
        "xtend": {
          "version": "4.0.1",
          "resolved": "https://registry.npmjs.org/xtend/-/xtend-4.0.1.tgz",
          "integrity": "sha1-pcbVMr5lbiPbgg77lDofBJmNY68="
        }
      }
    },
    "minimist": {
      "version": "1.2.6",
      "resolved": "https://registry.npmjs.org/minimist/-/minimist-1.2.6.tgz",
      "integrity": "sha512-Jsjnk4bw3YJqYzbdyBiNsPWHPfO++UGG749Cxs6peCu5Xg4nrena6OVxOYxrQTqww0Jmwt+Ref8rggumkTLz9Q=="
    },
    "standard": {
      "version": "7.1.2",
      "resolved": "https://registry.npmjs.org/standard/-/standard-7.1.2.tgz",
      "integrity": "sha1-QBZu7sJAUGXRpPDj8VurxuJ0YH4=",
      "dev": true
    },
    "tap-spec": {
      "version": "4.1.1",
      "resolved": "https://registry.npmjs.org/tap-spec/-/tap-spec-4.1.1.tgz",
      "integrity": "sha1-4unyb1IIIysfViKIyXYk1YqI8Fo=",
      "dev": true,
      "dependencies": {
        "lodash": {
          "version": "3.10.1",
          "resolved": "https://registry.npmjs.org/lodash/-/lodash-3.10.1.tgz",
          "integrity": "sha1-W/Rejkm6QYnhfUgnid/RW9FAt7Y="
        },
        "through2": {
          "version": "2.0.3",
          "resolved": "https://registry.npmjs.org/through2/-/through2-2.0.3.tgz",
          "integrity": "sha1-AARWmzfHx0ujnEPzzteNGtlBQL4="
        },
        "xtend": {
          "version": "4.0.1",
          "resolved": "https://registry.npmjs.org/xtend/-/xtend-4.0.1.tgz",
          "integrity": "sha1-pcbVMr5lbiPbgg77lDofBJmNY68="
        }
      }
    },
    "tape": {
      "version": "4.7.0",
      "resolved": "https://registry.npmjs.org/tape/-/tape-4.7.0.tgz",
      "integrity": "sha512-ePzu2KfZYVtq0v+KKGxBJ9HJWYZ4MaQWeGabD+KpVdMKRen3NJPf6EiwA5BxfMkhQPGtCwnOFWelcB39bhOUng==",
      "dev": true
    }
  }
}
